
Microsoft Visual Studio Solution File, Format Version 12.00
# Visual Studio Version 16
VisualStudioVersion = 16.0.30621.155
MinimumVisualStudioVersion = 10.0.40219.1
Project("{FAE04EC0-301F-11D3-BF4B-00C04F79EFBC}") = "IteratorPattern", "IteratorPattern.csproj", "{61185650-E788-4BA1-BB04-744BA4DACB48}"
EndProject
Global
	GlobalSection(SolutionConfigurationPlatforms) = preSolution
		Debug|Any CPU = Debug|Any CPU
		Release|Any CPU = Release|Any CPU
	EndGlobalSection
	GlobalSection(ProjectConfigurationPlatforms) = postSolution
		{61185650-E788-4BA1-BB04-744BA4DACB48}.Debug|Any CPU.ActiveCfg = Debug|Any CPU
		{61185650-E788-4BA1-BB04-744BA4DACB48}.Debug|Any CPU.Build.0 = Debug|Any CPU
		{61185650-E788-4BA1-BB04-744BA4DACB48}.Release|Any CPU.ActiveCfg = Release|Any CPU
		{61185650-E788-4BA1-BB04-744BA4DACB48}.Release|Any CPU.Build.0 = Release|Any CPU
	EndGlobalSection
	GlobalSection(SolutionProperties) = preSolution
		HideSolutionNode = FALSE
	EndGlobalSection
	GlobalSection(ExtensibilityGlobals) = postSolution
		SolutionGuid = {CD4A459F-CAC2-4B5A-92CD-ABDBB33558EF}
	EndGlobalSection
EndGlobal
